
Microsoft Visual Studio Solution File, Format Version 12.00
# Visual Studio Version 17
VisualStudioVersion = 17.8.34309.116
MinimumVisualStudioVersion = 10.0.40219.1
Project("{9A19103F-16F7-4668-BE54-9A1E7A4F7556}") = "Bank.Auth.App", "Bank.Auth.App\Bank.Auth.App.csproj", "{FEF86E35-535E-400D-A988-6B29CDC40E8A}"
EndProject
Project("{9A19103F-16F7-4668-BE54-9A1E7A4F7556}") = "Bank.Auth.Domain", "Bank.Auth.Domain\Bank.Auth.Domain.csproj", "{B8115C9A-AED6-450F-8267-A6F587585071}"
EndProject
Project("{2150E333-8FDC-42A3-9474-1A3956D46DE8}") = "Lib", "Lib", "{AAEAF705-0F59-420E-BFB8-9556AED0E801}"
EndProject
Project("{FAE04EC0-301F-11D3-BF4B-00C04F79EFBC}") = "Bank.Auth.Messages", "Bank.Auth.Messages\Bank.Auth.Messages.csproj", "{64CD0BCA-4434-4B50-8756-8E0ACACDAA81}"
EndProject
Global
	GlobalSection(SolutionConfigurationPlatforms) = preSolution
		Debug|Any CPU = Debug|Any CPU
		Release|Any CPU = Release|Any CPU
	EndGlobalSection
	GlobalSection(ProjectConfigurationPlatforms) = postSolution
		{FEF86E35-535E-400D-A988-6B29CDC40E8A}.Debug|Any CPU.ActiveCfg = Debug|Any CPU
		{FEF86E35-535E-400D-A988-6B29CDC40E8A}.Debug|Any CPU.Build.0 = Debug|Any CPU
		{FEF86E35-535E-400D-A988-6B29CDC40E8A}.Release|Any CPU.ActiveCfg = Release|Any CPU
		{FEF86E35-535E-400D-A988-6B29CDC40E8A}.Release|Any CPU.Build.0 = Release|Any CPU
		{B8115C9A-AED6-450F-8267-A6F587585071}.Debug|Any CPU.ActiveCfg = Debug|Any CPU
		{B8115C9A-AED6-450F-8267-A6F587585071}.Debug|Any CPU.Build.0 = Debug|Any CPU
		{B8115C9A-AED6-450F-8267-A6F587585071}.Release|Any CPU.ActiveCfg = Release|Any CPU
		{B8115C9A-AED6-450F-8267-A6F587585071}.Release|Any CPU.Build.0 = Release|Any CPU
		{64CD0BCA-4434-4B50-8756-8E0ACACDAA81}.Debug|Any CPU.ActiveCfg = Debug|Any CPU
		{64CD0BCA-4434-4B50-8756-8E0ACACDAA81}.Debug|Any CPU.Build.0 = Debug|Any CPU
		{64CD0BCA-4434-4B50-8756-8E0ACACDAA81}.Release|Any CPU.ActiveCfg = Release|Any CPU
		{64CD0BCA-4434-4B50-8756-8E0ACACDAA81}.Release|Any CPU.Build.0 = Release|Any CPU
	EndGlobalSection
	GlobalSection(SolutionProperties) = preSolution
		HideSolutionNode = FALSE
	EndGlobalSection
	GlobalSection(NestedProjects) = preSolution
		{64CD0BCA-4434-4B50-8756-8E0ACACDAA81} = {AAEAF705-0F59-420E-BFB8-9556AED0E801}
	EndGlobalSection
	GlobalSection(ExtensibilityGlobals) = postSolution
		SolutionGuid = {AEFE6BAB-71B3-4E08-8718-E14D7D23D775}
	EndGlobalSection
EndGlobal
