
Microsoft Visual Studio Solution File, Format Version 12.00
# Visual Studio Version 17
VisualStudioVersion = 17.8.34309.116
MinimumVisualStudioVersion = 10.0.40219.1
Project("{9A19103F-16F7-4668-BE54-9A1E7A4F7556}") = "Bank.Credit.App", "Bank.Credit.App\Bank.Credit.App.csproj", "{328A2F55-976B-43B9-A481-B158924C77E0}"
EndProject
Project("{2150E333-8FDC-42A3-9474-1A3956D46DE8}") = "Lib", "Lib", "{43D986E9-C7AD-4742-9EA8-E7399AAD5CAA}"
EndProject
Project("{9A19103F-16F7-4668-BE54-9A1E7A4F7556}") = "Bank.Credit.Domain", "Bank.Credit.Domain\Bank.Credit.Domain.csproj", "{BB2D2E05-6D53-46F6-B1B3-4B2AECD584DB}"
EndProject
Project("{9A19103F-16F7-4668-BE54-9A1E7A4F7556}") = "Bank.Credit.Persistance", "Bank.Credit.Persistance\Bank.Credit.Persistance.csproj", "{72ADE97B-BFCA-4F93-82B7-70098357D0F8}"
EndProject
Project("{9A19103F-16F7-4668-BE54-9A1E7A4F7556}") = "Bank.Common", "..\Libraries\Bank.Common\Bank.Common.csproj", "{8072D59C-E4AD-4928-BBF1-8E161C7F34C5}"
EndProject
Project("{9A19103F-16F7-4668-BE54-9A1E7A4F7556}") = "Bank.Exceptions", "..\Libraries\Bank.Exceptions\Bank.Exceptions.csproj", "{944AA864-012D-4102-B590-F248BF2326C5}"
EndProject
Project("{9A19103F-16F7-4668-BE54-9A1E7A4F7556}") = "Bank.Attributes", "..\Libraries\Bank.Attributes\Bank.Attributes.csproj", "{0BC759EE-B6C8-493F-BFB0-689D0C918A38}"
EndProject
Project("{9A19103F-16F7-4668-BE54-9A1E7A4F7556}") = "Bank.Auth.Common", "..\Libraries\Bank.Auth.Common\Bank.Auth.Common.csproj", "{9A9D9826-CAFD-42CF-8547-BEFF0A4F61EF}"
EndProject
Global
	GlobalSection(SolutionConfigurationPlatforms) = preSolution
		Debug|Any CPU = Debug|Any CPU
		Release|Any CPU = Release|Any CPU
	EndGlobalSection
	GlobalSection(ProjectConfigurationPlatforms) = postSolution
		{328A2F55-976B-43B9-A481-B158924C77E0}.Debug|Any CPU.ActiveCfg = Debug|Any CPU
		{328A2F55-976B-43B9-A481-B158924C77E0}.Debug|Any CPU.Build.0 = Debug|Any CPU
		{328A2F55-976B-43B9-A481-B158924C77E0}.Release|Any CPU.ActiveCfg = Release|Any CPU
		{328A2F55-976B-43B9-A481-B158924C77E0}.Release|Any CPU.Build.0 = Release|Any CPU
		{BB2D2E05-6D53-46F6-B1B3-4B2AECD584DB}.Debug|Any CPU.ActiveCfg = Debug|Any CPU
		{BB2D2E05-6D53-46F6-B1B3-4B2AECD584DB}.Debug|Any CPU.Build.0 = Debug|Any CPU
		{BB2D2E05-6D53-46F6-B1B3-4B2AECD584DB}.Release|Any CPU.ActiveCfg = Release|Any CPU
		{BB2D2E05-6D53-46F6-B1B3-4B2AECD584DB}.Release|Any CPU.Build.0 = Release|Any CPU
		{72ADE97B-BFCA-4F93-82B7-70098357D0F8}.Debug|Any CPU.ActiveCfg = Debug|Any CPU
		{72ADE97B-BFCA-4F93-82B7-70098357D0F8}.Debug|Any CPU.Build.0 = Debug|Any CPU
		{72ADE97B-BFCA-4F93-82B7-70098357D0F8}.Release|Any CPU.ActiveCfg = Release|Any CPU
		{72ADE97B-BFCA-4F93-82B7-70098357D0F8}.Release|Any CPU.Build.0 = Release|Any CPU
		{8072D59C-E4AD-4928-BBF1-8E161C7F34C5}.Debug|Any CPU.ActiveCfg = Debug|Any CPU
		{8072D59C-E4AD-4928-BBF1-8E161C7F34C5}.Debug|Any CPU.Build.0 = Debug|Any CPU
		{8072D59C-E4AD-4928-BBF1-8E161C7F34C5}.Release|Any CPU.ActiveCfg = Release|Any CPU
		{8072D59C-E4AD-4928-BBF1-8E161C7F34C5}.Release|Any CPU.Build.0 = Release|Any CPU
		{944AA864-012D-4102-B590-F248BF2326C5}.Debug|Any CPU.ActiveCfg = Debug|Any CPU
		{944AA864-012D-4102-B590-F248BF2326C5}.Debug|Any CPU.Build.0 = Debug|Any CPU
		{944AA864-012D-4102-B590-F248BF2326C5}.Release|Any CPU.ActiveCfg = Release|Any CPU
		{944AA864-012D-4102-B590-F248BF2326C5}.Release|Any CPU.Build.0 = Release|Any CPU
		{0BC759EE-B6C8-493F-BFB0-689D0C918A38}.Debug|Any CPU.ActiveCfg = Debug|Any CPU
		{0BC759EE-B6C8-493F-BFB0-689D0C918A38}.Debug|Any CPU.Build.0 = Debug|Any CPU
		{0BC759EE-B6C8-493F-BFB0-689D0C918A38}.Release|Any CPU.ActiveCfg = Release|Any CPU
		{0BC759EE-B6C8-493F-BFB0-689D0C918A38}.Release|Any CPU.Build.0 = Release|Any CPU
		{9A9D9826-CAFD-42CF-8547-BEFF0A4F61EF}.Debug|Any CPU.ActiveCfg = Debug|Any CPU
		{9A9D9826-CAFD-42CF-8547-BEFF0A4F61EF}.Debug|Any CPU.Build.0 = Debug|Any CPU
		{9A9D9826-CAFD-42CF-8547-BEFF0A4F61EF}.Release|Any CPU.ActiveCfg = Release|Any CPU
		{9A9D9826-CAFD-42CF-8547-BEFF0A4F61EF}.Release|Any CPU.Build.0 = Release|Any CPU
	EndGlobalSection
	GlobalSection(SolutionProperties) = preSolution
		HideSolutionNode = FALSE
	EndGlobalSection
	GlobalSection(NestedProjects) = preSolution
		{8072D59C-E4AD-4928-BBF1-8E161C7F34C5} = {43D986E9-C7AD-4742-9EA8-E7399AAD5CAA}
		{944AA864-012D-4102-B590-F248BF2326C5} = {43D986E9-C7AD-4742-9EA8-E7399AAD5CAA}
		{0BC759EE-B6C8-493F-BFB0-689D0C918A38} = {43D986E9-C7AD-4742-9EA8-E7399AAD5CAA}
		{9A9D9826-CAFD-42CF-8547-BEFF0A4F61EF} = {43D986E9-C7AD-4742-9EA8-E7399AAD5CAA}
	EndGlobalSection
	GlobalSection(ExtensibilityGlobals) = postSolution
		SolutionGuid = {3FE67398-D11B-4EA3-AA65-2FA515E808CE}
	EndGlobalSection
EndGlobal
