
Microsoft Visual Studio Solution File, Format Version 12.00
# Visual Studio Version 17
VisualStudioVersion = 17.8.34309.116
MinimumVisualStudioVersion = 10.0.40219.1
Project("{9A19103F-16F7-4668-BE54-9A1E7A4F7556}") = "Bank.Credit.App", "Bank.Credit.App\Bank.Credit.App.csproj", "{328A2F55-976B-43B9-A481-B158924C77E0}"
EndProject
Project("{2150E333-8FDC-42A3-9474-1A3956D46DE8}") = "Lib", "Lib", "{43D986E9-C7AD-4742-9EA8-E7399AAD5CAA}"
EndProject
Project("{9A19103F-16F7-4668-BE54-9A1E7A4F7556}") = "Bank.Credit.Domain", "Bank.Credit.Domain\Bank.Credit.Domain.csproj", "{BB2D2E05-6D53-46F6-B1B3-4B2AECD584DB}"
EndProject
Project("{9A19103F-16F7-4668-BE54-9A1E7A4F7556}") = "Bank.Credit.Persistance", "Bank.Credit.Persistance\Bank.Credit.Persistance.csproj", "{72ADE97B-BFCA-4F93-82B7-70098357D0F8}"
EndProject
Project("{9A19103F-16F7-4668-BE54-9A1E7A4F7556}") = "Bank.Common", "..\Libraries\Bank.Common\Bank.Common.csproj", "{8072D59C-E4AD-4928-BBF1-8E161C7F34C5}"
EndProject
Project("{9A19103F-16F7-4668-BE54-9A1E7A4F7556}") = "Bank.Exceptions", "..\Libraries\Bank.Exceptions\Bank.Exceptions.csproj", "{944AA864-012D-4102-B590-F248BF2326C5}"
EndProject
Project("{9A19103F-16F7-4668-BE54-9A1E7A4F7556}") = "Bank.Attributes", "..\Libraries\Bank.Attributes\Bank.Attributes.csproj", "{0BC759EE-B6C8-493F-BFB0-689D0C918A38}"
EndProject
Project("{9A19103F-16F7-4668-BE54-9A1E7A4F7556}") = "Bank.Auth.Common", "..\Libraries\Bank.Auth.Common\Bank.Auth.Common.csproj", "{9A9D9826-CAFD-42CF-8547-BEFF0A4F61EF}"
EndProject
Project("{9A19103F-16F7-4668-BE54-9A1E7A4F7556}") = "Bank.Auth.Http", "..\Libraries\Bank.Auth.Http\Bank.Auth.Http.csproj", "{EEB317D7-E959-4411-96D1-BC4936D77462}"
EndProject
Project("{9A19103F-16F7-4668-BE54-9A1E7A4F7556}") = "Bank.Core.Http", "..\Libraries\Bank.Core.Http\Bank.Core.Http.csproj", "{7FA64B59-C176-4EEE-B642-0CBFA7E98309}"
EndProject
Project("{9A19103F-16F7-4668-BE54-9A1E7A4F7556}") = "Bank.Core.Common", "..\Libraries\Bank.Core.Common\Bank.Core.Common.csproj", "{4BDC3A82-9B87-43A4-B3E8-4A1DF8DE928F}"
EndProject
Project("{9A19103F-16F7-4668-BE54-9A1E7A4F7556}") = "Bank.Core.Domain", "..\svc_Core\Bank.Core.Domain\Bank.Core.Domain.csproj", "{5025000B-6BB1-44A6-BCA5-837F441F0948}"
EndProject
Project("{9A19103F-16F7-4668-BE54-9A1E7A4F7556}") = "Bank.TransactionsGateway.Http", "..\Libraries\Bank.TransactionsGateway.Http\Bank.TransactionsGateway.Http.csproj", "{CBD1FED9-7AA4-4A35-B31A-D6D9E2498471}"
EndProject
Project("{9A19103F-16F7-4668-BE54-9A1E7A4F7556}") = "Bank.Logging", "..\Libraries\Bank.Logging\Bank.Logging.csproj", "{4CA61DC4-5395-4DA4-9A48-443A1B835076}"
EndProject
Project("{9A19103F-16F7-4668-BE54-9A1E7A4F7556}") = "Bank.Monitoring.Http", "..\Libraries\Bank.Monitoring.Http\Bank.Monitoring.Http.csproj", "{95E9B607-C17E-44CB-8048-5E89E9D7A65B}"
EndProject
Global
	GlobalSection(SolutionConfigurationPlatforms) = preSolution
		Debug|Any CPU = Debug|Any CPU
		Release|Any CPU = Release|Any CPU
	EndGlobalSection
	GlobalSection(ProjectConfigurationPlatforms) = postSolution
		{328A2F55-976B-43B9-A481-B158924C77E0}.Debug|Any CPU.ActiveCfg = Debug|Any CPU
		{328A2F55-976B-43B9-A481-B158924C77E0}.Debug|Any CPU.Build.0 = Debug|Any CPU
		{328A2F55-976B-43B9-A481-B158924C77E0}.Release|Any CPU.ActiveCfg = Release|Any CPU
		{328A2F55-976B-43B9-A481-B158924C77E0}.Release|Any CPU.Build.0 = Release|Any CPU
		{BB2D2E05-6D53-46F6-B1B3-4B2AECD584DB}.Debug|Any CPU.ActiveCfg = Debug|Any CPU
		{BB2D2E05-6D53-46F6-B1B3-4B2AECD584DB}.Debug|Any CPU.Build.0 = Debug|Any CPU
		{BB2D2E05-6D53-46F6-B1B3-4B2AECD584DB}.Release|Any CPU.ActiveCfg = Release|Any CPU
		{BB2D2E05-6D53-46F6-B1B3-4B2AECD584DB}.Release|Any CPU.Build.0 = Release|Any CPU
		{72ADE97B-BFCA-4F93-82B7-70098357D0F8}.Debug|Any CPU.ActiveCfg = Debug|Any CPU
		{72ADE97B-BFCA-4F93-82B7-70098357D0F8}.Debug|Any CPU.Build.0 = Debug|Any CPU
		{72ADE97B-BFCA-4F93-82B7-70098357D0F8}.Release|Any CPU.ActiveCfg = Release|Any CPU
		{72ADE97B-BFCA-4F93-82B7-70098357D0F8}.Release|Any CPU.Build.0 = Release|Any CPU
		{8072D59C-E4AD-4928-BBF1-8E161C7F34C5}.Debug|Any CPU.ActiveCfg = Debug|Any CPU
		{8072D59C-E4AD-4928-BBF1-8E161C7F34C5}.Debug|Any CPU.Build.0 = Debug|Any CPU
		{8072D59C-E4AD-4928-BBF1-8E161C7F34C5}.Release|Any CPU.ActiveCfg = Release|Any CPU
		{8072D59C-E4AD-4928-BBF1-8E161C7F34C5}.Release|Any CPU.Build.0 = Release|Any CPU
		{944AA864-012D-4102-B590-F248BF2326C5}.Debug|Any CPU.ActiveCfg = Debug|Any CPU
		{944AA864-012D-4102-B590-F248BF2326C5}.Debug|Any CPU.Build.0 = Debug|Any CPU
		{944AA864-012D-4102-B590-F248BF2326C5}.Release|Any CPU.ActiveCfg = Release|Any CPU
		{944AA864-012D-4102-B590-F248BF2326C5}.Release|Any CPU.Build.0 = Release|Any CPU
		{0BC759EE-B6C8-493F-BFB0-689D0C918A38}.Debug|Any CPU.ActiveCfg = Debug|Any CPU
		{0BC759EE-B6C8-493F-BFB0-689D0C918A38}.Debug|Any CPU.Build.0 = Debug|Any CPU
		{0BC759EE-B6C8-493F-BFB0-689D0C918A38}.Release|Any CPU.ActiveCfg = Release|Any CPU
		{0BC759EE-B6C8-493F-BFB0-689D0C918A38}.Release|Any CPU.Build.0 = Release|Any CPU
		{9A9D9826-CAFD-42CF-8547-BEFF0A4F61EF}.Debug|Any CPU.ActiveCfg = Debug|Any CPU
		{9A9D9826-CAFD-42CF-8547-BEFF0A4F61EF}.Debug|Any CPU.Build.0 = Debug|Any CPU
		{9A9D9826-CAFD-42CF-8547-BEFF0A4F61EF}.Release|Any CPU.ActiveCfg = Release|Any CPU
		{9A9D9826-CAFD-42CF-8547-BEFF0A4F61EF}.Release|Any CPU.Build.0 = Release|Any CPU
		{EEB317D7-E959-4411-96D1-BC4936D77462}.Debug|Any CPU.ActiveCfg = Debug|Any CPU
		{EEB317D7-E959-4411-96D1-BC4936D77462}.Debug|Any CPU.Build.0 = Debug|Any CPU
		{EEB317D7-E959-4411-96D1-BC4936D77462}.Release|Any CPU.ActiveCfg = Release|Any CPU
		{EEB317D7-E959-4411-96D1-BC4936D77462}.Release|Any CPU.Build.0 = Release|Any CPU
		{7FA64B59-C176-4EEE-B642-0CBFA7E98309}.Debug|Any CPU.ActiveCfg = Debug|Any CPU
		{7FA64B59-C176-4EEE-B642-0CBFA7E98309}.Debug|Any CPU.Build.0 = Debug|Any CPU
		{7FA64B59-C176-4EEE-B642-0CBFA7E98309}.Release|Any CPU.ActiveCfg = Release|Any CPU
		{7FA64B59-C176-4EEE-B642-0CBFA7E98309}.Release|Any CPU.Build.0 = Release|Any CPU
		{4BDC3A82-9B87-43A4-B3E8-4A1DF8DE928F}.Debug|Any CPU.ActiveCfg = Debug|Any CPU
		{4BDC3A82-9B87-43A4-B3E8-4A1DF8DE928F}.Debug|Any CPU.Build.0 = Debug|Any CPU
		{4BDC3A82-9B87-43A4-B3E8-4A1DF8DE928F}.Release|Any CPU.ActiveCfg = Release|Any CPU
		{4BDC3A82-9B87-43A4-B3E8-4A1DF8DE928F}.Release|Any CPU.Build.0 = Release|Any CPU
		{5025000B-6BB1-44A6-BCA5-837F441F0948}.Debug|Any CPU.ActiveCfg = Debug|Any CPU
		{5025000B-6BB1-44A6-BCA5-837F441F0948}.Debug|Any CPU.Build.0 = Debug|Any CPU
		{5025000B-6BB1-44A6-BCA5-837F441F0948}.Release|Any CPU.ActiveCfg = Release|Any CPU
		{5025000B-6BB1-44A6-BCA5-837F441F0948}.Release|Any CPU.Build.0 = Release|Any CPU
		{CBD1FED9-7AA4-4A35-B31A-D6D9E2498471}.Debug|Any CPU.ActiveCfg = Debug|Any CPU
		{CBD1FED9-7AA4-4A35-B31A-D6D9E2498471}.Debug|Any CPU.Build.0 = Debug|Any CPU
		{CBD1FED9-7AA4-4A35-B31A-D6D9E2498471}.Release|Any CPU.ActiveCfg = Release|Any CPU
		{CBD1FED9-7AA4-4A35-B31A-D6D9E2498471}.Release|Any CPU.Build.0 = Release|Any CPU
		{4CA61DC4-5395-4DA4-9A48-443A1B835076}.Debug|Any CPU.ActiveCfg = Debug|Any CPU
		{4CA61DC4-5395-4DA4-9A48-443A1B835076}.Debug|Any CPU.Build.0 = Debug|Any CPU
		{4CA61DC4-5395-4DA4-9A48-443A1B835076}.Release|Any CPU.ActiveCfg = Release|Any CPU
		{4CA61DC4-5395-4DA4-9A48-443A1B835076}.Release|Any CPU.Build.0 = Release|Any CPU
		{95E9B607-C17E-44CB-8048-5E89E9D7A65B}.Debug|Any CPU.ActiveCfg = Debug|Any CPU
		{95E9B607-C17E-44CB-8048-5E89E9D7A65B}.Debug|Any CPU.Build.0 = Debug|Any CPU
		{95E9B607-C17E-44CB-8048-5E89E9D7A65B}.Release|Any CPU.ActiveCfg = Release|Any CPU
		{95E9B607-C17E-44CB-8048-5E89E9D7A65B}.Release|Any CPU.Build.0 = Release|Any CPU
	EndGlobalSection
	GlobalSection(SolutionProperties) = preSolution
		HideSolutionNode = FALSE
	EndGlobalSection
	GlobalSection(NestedProjects) = preSolution
		{8072D59C-E4AD-4928-BBF1-8E161C7F34C5} = {43D986E9-C7AD-4742-9EA8-E7399AAD5CAA}
		{944AA864-012D-4102-B590-F248BF2326C5} = {43D986E9-C7AD-4742-9EA8-E7399AAD5CAA}
		{0BC759EE-B6C8-493F-BFB0-689D0C918A38} = {43D986E9-C7AD-4742-9EA8-E7399AAD5CAA}
		{9A9D9826-CAFD-42CF-8547-BEFF0A4F61EF} = {43D986E9-C7AD-4742-9EA8-E7399AAD5CAA}
		{EEB317D7-E959-4411-96D1-BC4936D77462} = {43D986E9-C7AD-4742-9EA8-E7399AAD5CAA}
		{7FA64B59-C176-4EEE-B642-0CBFA7E98309} = {43D986E9-C7AD-4742-9EA8-E7399AAD5CAA}
		{4BDC3A82-9B87-43A4-B3E8-4A1DF8DE928F} = {43D986E9-C7AD-4742-9EA8-E7399AAD5CAA}
		{5025000B-6BB1-44A6-BCA5-837F441F0948} = {43D986E9-C7AD-4742-9EA8-E7399AAD5CAA}
		{CBD1FED9-7AA4-4A35-B31A-D6D9E2498471} = {43D986E9-C7AD-4742-9EA8-E7399AAD5CAA}
		{4CA61DC4-5395-4DA4-9A48-443A1B835076} = {43D986E9-C7AD-4742-9EA8-E7399AAD5CAA}
		{95E9B607-C17E-44CB-8048-5E89E9D7A65B} = {43D986E9-C7AD-4742-9EA8-E7399AAD5CAA}
	EndGlobalSection
	GlobalSection(ExtensibilityGlobals) = postSolution
		SolutionGuid = {3FE67398-D11B-4EA3-AA65-2FA515E808CE}
	EndGlobalSection
EndGlobal
