
Microsoft Visual Studio Solution File, Format Version 12.00
# Visual Studio Version 17
VisualStudioVersion = 17.8.34309.116
MinimumVisualStudioVersion = 10.0.40219.1
Project("{FAE04EC0-301F-11D3-BF4B-00C04F79EFBC}") = "Bank.Auth.App", "Bank.Auth.App.csproj", "{FEF86E35-535E-400D-A988-6B29CDC40E8A}"
EndProject
Project("{FAE04EC0-301F-11D3-BF4B-00C04F79EFBC}") = "Bank.Auth.Domain", "..\Bank.Auth.Domain\Bank.Auth.Domain.csproj", "{B8115C9A-AED6-450F-8267-A6F587585071}"
EndProject
Global
	GlobalSection(SolutionConfigurationPlatforms) = preSolution
		Debug|Any CPU = Debug|Any CPU
		Release|Any CPU = Release|Any CPU
	EndGlobalSection
	GlobalSection(ProjectConfigurationPlatforms) = postSolution
		{FEF86E35-535E-400D-A988-6B29CDC40E8A}.Debug|Any CPU.ActiveCfg = Debug|Any CPU
		{FEF86E35-535E-400D-A988-6B29CDC40E8A}.Debug|Any CPU.Build.0 = Debug|Any CPU
		{FEF86E35-535E-400D-A988-6B29CDC40E8A}.Release|Any CPU.ActiveCfg = Release|Any CPU
		{FEF86E35-535E-400D-A988-6B29CDC40E8A}.Release|Any CPU.Build.0 = Release|Any CPU
		{B8115C9A-AED6-450F-8267-A6F587585071}.Debug|Any CPU.ActiveCfg = Debug|Any CPU
		{B8115C9A-AED6-450F-8267-A6F587585071}.Debug|Any CPU.Build.0 = Debug|Any CPU
		{B8115C9A-AED6-450F-8267-A6F587585071}.Release|Any CPU.ActiveCfg = Release|Any CPU
		{B8115C9A-AED6-450F-8267-A6F587585071}.Release|Any CPU.Build.0 = Release|Any CPU
	EndGlobalSection
	GlobalSection(SolutionProperties) = preSolution
		HideSolutionNode = FALSE
	EndGlobalSection
	GlobalSection(ExtensibilityGlobals) = postSolution
		SolutionGuid = {AEFE6BAB-71B3-4E08-8718-E14D7D23D775}
	EndGlobalSection
EndGlobal
