
Microsoft Visual Studio Solution File, Format Version 12.00
# Visual Studio Version 17
VisualStudioVersion = 17.9.34616.47
MinimumVisualStudioVersion = 10.0.40219.1
Project("{9A19103F-16F7-4668-BE54-9A1E7A4F7556}") = "Bank.Attributes", "Bank.Attributes\Bank.Attributes.csproj", "{8A312AEB-BC67-4B87-B806-2876DE0D58AC}"
EndProject
Project("{9A19103F-16F7-4668-BE54-9A1E7A4F7556}") = "Bank.Exceptions", "Bank.Exceptions\Bank.Exceptions.csproj", "{A79F6782-2AD6-421B-8459-182E6A53FD5A}"
EndProject
Project("{9A19103F-16F7-4668-BE54-9A1E7A4F7556}") = "Bank.Common", "Bank.Common\Bank.Common.csproj", "{EC816D58-63B0-47B3-91B1-472102F05F72}"
EndProject
Project("{2150E333-8FDC-42A3-9474-1A3956D46DE8}") = "Tests", "Tests", "{09F19F28-9400-4AD9-B702-CBD1F50275DE}"
EndProject
Project("{9A19103F-16F7-4668-BE54-9A1E7A4F7556}") = "Bank.Common.Tests", "Bank.Common.Tests\Bank.Common.Tests.csproj", "{266B2BE3-F0EC-49F6-8AFD-C59D74758B65}"
EndProject
Project("{9A19103F-16F7-4668-BE54-9A1E7A4F7556}") = "Bank.Auth.Common", "Bank.Auth.Common\Bank.Auth.Common.csproj", "{731E12B1-086B-4748-B154-CF7B2F4F7089}"
EndProject
Project("{9A19103F-16F7-4668-BE54-9A1E7A4F7556}") = "Bank.Core.Common", "Bank.Core.Common\Bank.Core.Common.csproj", "{8FA5323F-B87E-4F25-8FCE-D11C25787C58}"
EndProject
Project("{9A19103F-16F7-4668-BE54-9A1E7A4F7556}") = "Bank.Auth.Http", "Bank.Auth.Http\Bank.Auth.Http.csproj", "{885F7CF6-D073-4F87-B33E-F007BD62A8E5}"
EndProject
Project("{9A19103F-16F7-4668-BE54-9A1E7A4F7556}") = "Bank.Amqp", "Bank.Amqp\Bank.Amqp.csproj", "{8F464EF6-F5D1-488D-B71A-AD688138909D}"
EndProject
Project("{FAE04EC0-301F-11D3-BF4B-00C04F79EFBC}") = "Bank.TransactionsGateway.Http", "Bank.TransactionsGateway.Http\Bank.TransactionsGateway.Http.csproj", "{4ED7D458-D21B-4280-B186-030D0A8887B8}"
EndProject
Global
	GlobalSection(SolutionConfigurationPlatforms) = preSolution
		Debug|Any CPU = Debug|Any CPU
		Release|Any CPU = Release|Any CPU
	EndGlobalSection
	GlobalSection(ProjectConfigurationPlatforms) = postSolution
		{8A312AEB-BC67-4B87-B806-2876DE0D58AC}.Debug|Any CPU.ActiveCfg = Debug|Any CPU
		{8A312AEB-BC67-4B87-B806-2876DE0D58AC}.Debug|Any CPU.Build.0 = Debug|Any CPU
		{8A312AEB-BC67-4B87-B806-2876DE0D58AC}.Release|Any CPU.ActiveCfg = Release|Any CPU
		{8A312AEB-BC67-4B87-B806-2876DE0D58AC}.Release|Any CPU.Build.0 = Release|Any CPU
		{A79F6782-2AD6-421B-8459-182E6A53FD5A}.Debug|Any CPU.ActiveCfg = Debug|Any CPU
		{A79F6782-2AD6-421B-8459-182E6A53FD5A}.Debug|Any CPU.Build.0 = Debug|Any CPU
		{A79F6782-2AD6-421B-8459-182E6A53FD5A}.Release|Any CPU.ActiveCfg = Release|Any CPU
		{A79F6782-2AD6-421B-8459-182E6A53FD5A}.Release|Any CPU.Build.0 = Release|Any CPU
		{EC816D58-63B0-47B3-91B1-472102F05F72}.Debug|Any CPU.ActiveCfg = Debug|Any CPU
		{EC816D58-63B0-47B3-91B1-472102F05F72}.Debug|Any CPU.Build.0 = Debug|Any CPU
		{EC816D58-63B0-47B3-91B1-472102F05F72}.Release|Any CPU.ActiveCfg = Release|Any CPU
		{EC816D58-63B0-47B3-91B1-472102F05F72}.Release|Any CPU.Build.0 = Release|Any CPU
		{266B2BE3-F0EC-49F6-8AFD-C59D74758B65}.Debug|Any CPU.ActiveCfg = Debug|Any CPU
		{266B2BE3-F0EC-49F6-8AFD-C59D74758B65}.Debug|Any CPU.Build.0 = Debug|Any CPU
		{266B2BE3-F0EC-49F6-8AFD-C59D74758B65}.Release|Any CPU.ActiveCfg = Release|Any CPU
		{266B2BE3-F0EC-49F6-8AFD-C59D74758B65}.Release|Any CPU.Build.0 = Release|Any CPU
		{731E12B1-086B-4748-B154-CF7B2F4F7089}.Debug|Any CPU.ActiveCfg = Debug|Any CPU
		{731E12B1-086B-4748-B154-CF7B2F4F7089}.Debug|Any CPU.Build.0 = Debug|Any CPU
		{731E12B1-086B-4748-B154-CF7B2F4F7089}.Release|Any CPU.ActiveCfg = Release|Any CPU
		{731E12B1-086B-4748-B154-CF7B2F4F7089}.Release|Any CPU.Build.0 = Release|Any CPU
		{8FA5323F-B87E-4F25-8FCE-D11C25787C58}.Debug|Any CPU.ActiveCfg = Debug|Any CPU
		{8FA5323F-B87E-4F25-8FCE-D11C25787C58}.Debug|Any CPU.Build.0 = Debug|Any CPU
		{8FA5323F-B87E-4F25-8FCE-D11C25787C58}.Release|Any CPU.ActiveCfg = Release|Any CPU
		{8FA5323F-B87E-4F25-8FCE-D11C25787C58}.Release|Any CPU.Build.0 = Release|Any CPU
		{885F7CF6-D073-4F87-B33E-F007BD62A8E5}.Debug|Any CPU.ActiveCfg = Debug|Any CPU
		{885F7CF6-D073-4F87-B33E-F007BD62A8E5}.Debug|Any CPU.Build.0 = Debug|Any CPU
		{885F7CF6-D073-4F87-B33E-F007BD62A8E5}.Release|Any CPU.ActiveCfg = Release|Any CPU
		{885F7CF6-D073-4F87-B33E-F007BD62A8E5}.Release|Any CPU.Build.0 = Release|Any CPU
		{8F464EF6-F5D1-488D-B71A-AD688138909D}.Debug|Any CPU.ActiveCfg = Debug|Any CPU
		{8F464EF6-F5D1-488D-B71A-AD688138909D}.Debug|Any CPU.Build.0 = Debug|Any CPU
		{8F464EF6-F5D1-488D-B71A-AD688138909D}.Release|Any CPU.ActiveCfg = Release|Any CPU
		{8F464EF6-F5D1-488D-B71A-AD688138909D}.Release|Any CPU.Build.0 = Release|Any CPU
		{4ED7D458-D21B-4280-B186-030D0A8887B8}.Debug|Any CPU.ActiveCfg = Debug|Any CPU
		{4ED7D458-D21B-4280-B186-030D0A8887B8}.Debug|Any CPU.Build.0 = Debug|Any CPU
		{4ED7D458-D21B-4280-B186-030D0A8887B8}.Release|Any CPU.ActiveCfg = Release|Any CPU
		{4ED7D458-D21B-4280-B186-030D0A8887B8}.Release|Any CPU.Build.0 = Release|Any CPU
	EndGlobalSection
	GlobalSection(SolutionProperties) = preSolution
		HideSolutionNode = FALSE
	EndGlobalSection
	GlobalSection(NestedProjects) = preSolution
		{266B2BE3-F0EC-49F6-8AFD-C59D74758B65} = {09F19F28-9400-4AD9-B702-CBD1F50275DE}
	EndGlobalSection
	GlobalSection(ExtensibilityGlobals) = postSolution
		SolutionGuid = {454790A7-8936-4FAB-88E9-EF6C1844F4B7}
	EndGlobalSection
EndGlobal
